{
  "name": "bem-components-connector",
  "version": "1.0.0",
  "lockfileVersion": 2,
  "requires": true,
  "packages": {
    "": {
      "version": "1.0.0",
      "license": "ISC",
      "dependencies": {
        "@bem-react/classname": "^1.5.10",
        "camel-to-dash": "^1.0.1"
      }
    },
    "node_modules/@bem-react/classname": {
      "version": "1.5.10",
      "resolved": "https://registry.npmjs.org/@bem-react/classname/-/classname-1.5.10.tgz",
      "integrity": "sha512-Iw6zoCVLcDv7sDTn1j5+vY7pmbqCMe1MMXtdo00fjxvgwf7AjaUinJGfq1MTVhj2nADgtVSkyHdnHkiKFr8Phg=="
    },
    "node_modules/camel-to-dash": {
      "version": "1.0.1",
      "resolved": "https://registry.npmjs.org/camel-to-dash/-/camel-to-dash-1.0.1.tgz",
      "integrity": "sha512-tb09Ylba+KsEiAAxImSP8OpuCRH7sBvEJDw+VB4zrdqNaHFHfeOJm90gXdWI/9nOfuHdJ6Hld5FM6XZJM3VeCg=="
    }
  },
  "dependencies": {
    "@bem-react/classname": {
      "version": "1.5.10",
      "resolved": "https://registry.npmjs.org/@bem-react/classname/-/classname-1.5.10.tgz",
      "integrity": "sha512-Iw6zoCVLcDv7sDTn1j5+vY7pmbqCMe1MMXtdo00fjxvgwf7AjaUinJGfq1MTVhj2nADgtVSkyHdnHkiKFr8Phg=="
    },
    "camel-to-dash": {
      "version": "1.0.1",
      "resolved": "https://registry.npmjs.org/camel-to-dash/-/camel-to-dash-1.0.1.tgz",
      "integrity": "sha512-tb09Ylba+KsEiAAxImSP8OpuCRH7sBvEJDw+VB4zrdqNaHFHfeOJm90gXdWI/9nOfuHdJ6Hld5FM6XZJM3VeCg=="
    }
  }
}
